
Microsoft Visual Studio Solution File, Format Version 12.00
Project("{FAE04EC0-301F-11D3-BF4B-00C04F79EFBC}") = "TesteLocation", "TesteLocation\TesteLocation.csproj", "{496BE432-CB19-412F-8E73-4575FCB77BBD}"
EndProject
Global
	GlobalSection(SolutionConfigurationPlatforms) = preSolution
		Debug|Any CPU = Debug|Any CPU
		Release|Any CPU = Release|Any CPU
	EndGlobalSection
	GlobalSection(ProjectConfigurationPlatforms) = postSolution
		{496BE432-CB19-412F-8E73-4575FCB77BBD}.Debug|Any CPU.ActiveCfg = Debug|Any CPU
		{496BE432-CB19-412F-8E73-4575FCB77BBD}.Debug|Any CPU.Build.0 = Debug|Any CPU
		{496BE432-CB19-412F-8E73-4575FCB77BBD}.Release|Any CPU.ActiveCfg = Release|Any CPU
		{496BE432-CB19-412F-8E73-4575FCB77BBD}.Release|Any CPU.Build.0 = Release|Any CPU
	EndGlobalSection
EndGlobal
